{
  "name": "ielts-zen-app",
  "version": "1.0.0",
  "lockfileVersion": 3,
  "requires": true,
  "packages": {
    "": {
      "name": "ielts-zen-app",
      "version": "1.0.0",
      "devDependencies": {
        "@babel/standalone": "7.28.5"
      },
      "engines": {
        "node": ">=22"
      }
    },
    "node_modules/@babel/standalone": {
      "version": "7.28.5",
      "resolved": "https://registry.npmjs.org/@babel/standalone/-/standalone-7.28.5.tgz",
      "integrity": "sha512-1DViPYJpRU50irpGMfLBQ9B4kyfQuL6X7SS7pwTeWeZX0mNkjzPi0XFqxCjSdddZXUQy4AhnQnnesA/ZHnvAdw==",
      "dev": true,
      "license": "MIT",
      "engines": {
        "node": ">=6.9.0"
      }
    }
  }
}
